{
  "requires": true,
  "lockfileVersion": 1,
  "dependencies": {
    "gitbook-plugin-accordion": {
      "version": "1.1.3",
      "resolved": "https://registry.npmjs.org/gitbook-plugin-accordion/-/gitbook-plugin-accordion-1.1.3.tgz",
      "integrity": "sha1-rNYu+EN4E9Vr65+cVrK9kRRpt8E="
    },
    "gitbook-plugin-disqus": {
      "version": "0.1.0",
      "resolved": "https://registry.npmjs.org/gitbook-plugin-disqus/-/gitbook-plugin-disqus-0.1.0.tgz",
      "integrity": "sha1-9gNfnEmHz1/JGA4FpkQ1pngpatY="
    },
    "gitbook-plugin-klipse": {
      "version": "1.2.0",
      "resolved": "https://registry.npmjs.org/gitbook-plugin-klipse/-/gitbook-plugin-klipse-1.2.0.tgz",
      "integrity": "sha1-CscSgFl3GAohwCFUk2nAcrlBd58="
    }
  }
}
